
Microsoft Visual Studio Solution File, Format Version 12.00
# Visual Studio 15
VisualStudioVersion = 15.0.27130.2036
MinimumVisualStudioVersion = 10.0.40219.1
Project("{FAE04EC0-301F-11D3-BF4B-00C04F79EFBC}") = "ConsoleApp5", "ConsoleApp5\ConsoleApp5.csproj", "{8C90C357-61B0-4A34-B2A0-B4F71C3DA9D8}"
EndProject
Global
	GlobalSection(SolutionConfigurationPlatforms) = preSolution
		Debug|Any CPU = Debug|Any CPU
		Release|Any CPU = Release|Any CPU
	EndGlobalSection
	GlobalSection(ProjectConfigurationPlatforms) = postSolution
		{8C90C357-61B0-4A34-B2A0-B4F71C3DA9D8}.Debug|Any CPU.ActiveCfg = Debug|Any CPU
		{8C90C357-61B0-4A34-B2A0-B4F71C3DA9D8}.Debug|Any CPU.Build.0 = Debug|Any CPU
		{8C90C357-61B0-4A34-B2A0-B4F71C3DA9D8}.Release|Any CPU.ActiveCfg = Release|Any CPU
		{8C90C357-61B0-4A34-B2A0-B4F71C3DA9D8}.Release|Any CPU.Build.0 = Release|Any CPU
	EndGlobalSection
	GlobalSection(SolutionProperties) = preSolution
		HideSolutionNode = FALSE
	EndGlobalSection
	GlobalSection(ExtensibilityGlobals) = postSolution
		SolutionGuid = {832ED85D-2814-4F7B-88F7-B3F6BA3DE0C4}
	EndGlobalSection
EndGlobal
