
Microsoft Visual Studio Solution File, Format Version 12.00
# Visual Studio 15
VisualStudioVersion = 15.0.27130.2036
MinimumVisualStudioVersion = 10.0.40219.1
Project("{FAE04EC0-301F-11D3-BF4B-00C04F79EFBC}") = "practice in encapsulation", "practice in encapsulation\practice in encapsulation.csproj", "{5790B05D-92DD-4B0C-897C-53E4F52B4848}"
EndProject
Global
	GlobalSection(SolutionConfigurationPlatforms) = preSolution
		Debug|Any CPU = Debug|Any CPU
		Release|Any CPU = Release|Any CPU
	EndGlobalSection
	GlobalSection(ProjectConfigurationPlatforms) = postSolution
		{5790B05D-92DD-4B0C-897C-53E4F52B4848}.Debug|Any CPU.ActiveCfg = Debug|Any CPU
		{5790B05D-92DD-4B0C-897C-53E4F52B4848}.Debug|Any CPU.Build.0 = Debug|Any CPU
		{5790B05D-92DD-4B0C-897C-53E4F52B4848}.Release|Any CPU.ActiveCfg = Release|Any CPU
		{5790B05D-92DD-4B0C-897C-53E4F52B4848}.Release|Any CPU.Build.0 = Release|Any CPU
	EndGlobalSection
	GlobalSection(SolutionProperties) = preSolution
		HideSolutionNode = FALSE
	EndGlobalSection
	GlobalSection(ExtensibilityGlobals) = postSolution
		SolutionGuid = {2D9C9E5A-55AC-468E-BD6D-206DA6D7F24B}
	EndGlobalSection
EndGlobal
