
Microsoft Visual Studio Solution File, Format Version 12.00
# Visual Studio 15
VisualStudioVersion = 15.0.27130.2036
MinimumVisualStudioVersion = 10.0.40219.1
Project("{FAE04EC0-301F-11D3-BF4B-00C04F79EFBC}") = "inhertence", "inhertence\inhertence.csproj", "{68E20CF1-EEF2-42A1-94D8-52B108EB089F}"
EndProject
Global
	GlobalSection(SolutionConfigurationPlatforms) = preSolution
		Debug|Any CPU = Debug|Any CPU
		Release|Any CPU = Release|Any CPU
	EndGlobalSection
	GlobalSection(ProjectConfigurationPlatforms) = postSolution
		{68E20CF1-EEF2-42A1-94D8-52B108EB089F}.Debug|Any CPU.ActiveCfg = Debug|Any CPU
		{68E20CF1-EEF2-42A1-94D8-52B108EB089F}.Debug|Any CPU.Build.0 = Debug|Any CPU
		{68E20CF1-EEF2-42A1-94D8-52B108EB089F}.Release|Any CPU.ActiveCfg = Release|Any CPU
		{68E20CF1-EEF2-42A1-94D8-52B108EB089F}.Release|Any CPU.Build.0 = Release|Any CPU
	EndGlobalSection
	GlobalSection(SolutionProperties) = preSolution
		HideSolutionNode = FALSE
	EndGlobalSection
	GlobalSection(ExtensibilityGlobals) = postSolution
		SolutionGuid = {34AE0068-0F11-4B1C-B8AE-CE1E5DA4CA9E}
	EndGlobalSection
EndGlobal
