
Microsoft Visual Studio Solution File, Format Version 12.00
# Visual Studio 15
VisualStudioVersion = 15.0.27130.2036
MinimumVisualStudioVersion = 10.0.40219.1
Project("{FAE04EC0-301F-11D3-BF4B-00C04F79EFBC}") = "swaping in bubble sort", "swaping in bubble sort\swaping in bubble sort.csproj", "{5E26B92A-3A45-4127-AC40-449AFDE094AB}"
EndProject
Global
	GlobalSection(SolutionConfigurationPlatforms) = preSolution
		Debug|Any CPU = Debug|Any CPU
		Release|Any CPU = Release|Any CPU
	EndGlobalSection
	GlobalSection(ProjectConfigurationPlatforms) = postSolution
		{5E26B92A-3A45-4127-AC40-449AFDE094AB}.Debug|Any CPU.ActiveCfg = Debug|Any CPU
		{5E26B92A-3A45-4127-AC40-449AFDE094AB}.Debug|Any CPU.Build.0 = Debug|Any CPU
		{5E26B92A-3A45-4127-AC40-449AFDE094AB}.Release|Any CPU.ActiveCfg = Release|Any CPU
		{5E26B92A-3A45-4127-AC40-449AFDE094AB}.Release|Any CPU.Build.0 = Release|Any CPU
	EndGlobalSection
	GlobalSection(SolutionProperties) = preSolution
		HideSolutionNode = FALSE
	EndGlobalSection
	GlobalSection(ExtensibilityGlobals) = postSolution
		SolutionGuid = {B74B3046-A265-4AD1-B9E0-79EB0873C7BF}
	EndGlobalSection
EndGlobal
