
Microsoft Visual Studio Solution File, Format Version 12.00
# Visual Studio 15
VisualStudioVersion = 15.0.27130.2036
MinimumVisualStudioVersion = 10.0.40219.1
Project("{FAE04EC0-301F-11D3-BF4B-00C04F79EFBC}") = "Project_Concept", "Project_Concept\Project_Concept.csproj", "{03A1C42C-7398-4332-BC5C-CF7344960FC9}"
EndProject
Project("{FAE04EC0-301F-11D3-BF4B-00C04F79EFBC}") = "ConsoleApp1", "ConsoleApp1\ConsoleApp1.csproj", "{DCEBB8EA-17E2-4632-BDF1-BDB929577C11}"
EndProject
Global
	GlobalSection(SolutionConfigurationPlatforms) = preSolution
		Debug|Any CPU = Debug|Any CPU
		Release|Any CPU = Release|Any CPU
	EndGlobalSection
	GlobalSection(ProjectConfigurationPlatforms) = postSolution
		{03A1C42C-7398-4332-BC5C-CF7344960FC9}.Debug|Any CPU.ActiveCfg = Debug|Any CPU
		{03A1C42C-7398-4332-BC5C-CF7344960FC9}.Debug|Any CPU.Build.0 = Debug|Any CPU
		{03A1C42C-7398-4332-BC5C-CF7344960FC9}.Release|Any CPU.ActiveCfg = Release|Any CPU
		{03A1C42C-7398-4332-BC5C-CF7344960FC9}.Release|Any CPU.Build.0 = Release|Any CPU
		{DCEBB8EA-17E2-4632-BDF1-BDB929577C11}.Debug|Any CPU.ActiveCfg = Debug|Any CPU
		{DCEBB8EA-17E2-4632-BDF1-BDB929577C11}.Debug|Any CPU.Build.0 = Debug|Any CPU
		{DCEBB8EA-17E2-4632-BDF1-BDB929577C11}.Release|Any CPU.ActiveCfg = Release|Any CPU
		{DCEBB8EA-17E2-4632-BDF1-BDB929577C11}.Release|Any CPU.Build.0 = Release|Any CPU
	EndGlobalSection
	GlobalSection(SolutionProperties) = preSolution
		HideSolutionNode = FALSE
	EndGlobalSection
	GlobalSection(ExtensibilityGlobals) = postSolution
		SolutionGuid = {44D4CB66-F222-4559-98C5-60B37FF07ACB}
	EndGlobalSection
EndGlobal
