
Microsoft Visual Studio Solution File, Format Version 12.00
# Visual Studio 15
VisualStudioVersion = 15.0.27428.2043
MinimumVisualStudioVersion = 10.0.40219.1
Project("{FAE04EC0-301F-11D3-BF4B-00C04F79EFBC}") = "ConsoleApp13", "ConsoleApp13\ConsoleApp13.csproj", "{EC1475FA-F95C-4EE3-9BC0-20CB6A71FB10}"
EndProject
Global
	GlobalSection(SolutionConfigurationPlatforms) = preSolution
		Debug|Any CPU = Debug|Any CPU
		Release|Any CPU = Release|Any CPU
	EndGlobalSection
	GlobalSection(ProjectConfigurationPlatforms) = postSolution
		{EC1475FA-F95C-4EE3-9BC0-20CB6A71FB10}.Debug|Any CPU.ActiveCfg = Debug|Any CPU
		{EC1475FA-F95C-4EE3-9BC0-20CB6A71FB10}.Debug|Any CPU.Build.0 = Debug|Any CPU
		{EC1475FA-F95C-4EE3-9BC0-20CB6A71FB10}.Release|Any CPU.ActiveCfg = Release|Any CPU
		{EC1475FA-F95C-4EE3-9BC0-20CB6A71FB10}.Release|Any CPU.Build.0 = Release|Any CPU
	EndGlobalSection
	GlobalSection(SolutionProperties) = preSolution
		HideSolutionNode = FALSE
	EndGlobalSection
	GlobalSection(ExtensibilityGlobals) = postSolution
		SolutionGuid = {BD616294-C0EA-4C5B-A6B0-EA9F62A18217}
	EndGlobalSection
EndGlobal
