
Microsoft Visual Studio Solution File, Format Version 12.00
# Visual Studio 15
VisualStudioVersion = 15.0.27130.2020
MinimumVisualStudioVersion = 10.0.40219.1
Project("{FAE04EC0-301F-11D3-BF4B-00C04F79EFBC}") = "Dictionary", "Dictionary\Dictionary.csproj", "{D5E2849A-0DA4-4012-ACC2-F1695A6405BD}"
EndProject
Global
	GlobalSection(SolutionConfigurationPlatforms) = preSolution
		Debug|Any CPU = Debug|Any CPU
		Release|Any CPU = Release|Any CPU
	EndGlobalSection
	GlobalSection(ProjectConfigurationPlatforms) = postSolution
		{D5E2849A-0DA4-4012-ACC2-F1695A6405BD}.Debug|Any CPU.ActiveCfg = Debug|Any CPU
		{D5E2849A-0DA4-4012-ACC2-F1695A6405BD}.Debug|Any CPU.Build.0 = Debug|Any CPU
		{D5E2849A-0DA4-4012-ACC2-F1695A6405BD}.Release|Any CPU.ActiveCfg = Release|Any CPU
		{D5E2849A-0DA4-4012-ACC2-F1695A6405BD}.Release|Any CPU.Build.0 = Release|Any CPU
	EndGlobalSection
	GlobalSection(SolutionProperties) = preSolution
		HideSolutionNode = FALSE
	EndGlobalSection
	GlobalSection(ExtensibilityGlobals) = postSolution
		SolutionGuid = {EAFFF68E-5DBC-41AA-8718-89F2C4CC6D0C}
	EndGlobalSection
EndGlobal
